
Microsoft Visual Studio Solution File, Format Version 12.00
# Visual Studio Version 16
VisualStudioVersion = 16.0.29806.167
MinimumVisualStudioVersion = 10.0.40219.1
Project("{FAE04EC0-301F-11D3-BF4B-00C04F79EFBC}") = "Minesweeper.Data", "Minesweeper.Data\Minesweeper.Data.csproj", "{CAF7BF10-AAE9-4585-A705-9E7915203B9B}"
EndProject
Project("{9A19103F-16F7-4668-BE54-9A1E7A4F7556}") = "Minesweeper.Test", "Minesweeper.Test\Minesweeper.Test.csproj", "{4490DDD7-546F-46E0-87BE-F199D3ED30BA}"
EndProject
Project("{9A19103F-16F7-4668-BE54-9A1E7A4F7556}") = "Minesweeper.Textapp", "Minesweeper.Textapp\Minesweeper.Textapp.csproj", "{A189E043-896E-4C03-95C4-54A6EE139F38}"
EndProject
Project("{FAE04EC0-301F-11D3-BF4B-00C04F79EFBC}") = "Minesweeper.UWPapp", "Minesweeper.UWPapp\Minesweeper.UWPapp.csproj", "{DCDBF3DB-C987-4EEB-8158-5CEB74E9398A}"
EndProject
Global
	GlobalSection(SolutionConfigurationPlatforms) = preSolution
		Debug|Any CPU = Debug|Any CPU
		Debug|ARM = Debug|ARM
		Debug|ARM64 = Debug|ARM64
		Debug|x64 = Debug|x64
		Debug|x86 = Debug|x86
		Release|Any CPU = Release|Any CPU
		Release|ARM = Release|ARM
		Release|ARM64 = Release|ARM64
		Release|x64 = Release|x64
		Release|x86 = Release|x86
	EndGlobalSection
	GlobalSection(ProjectConfigurationPlatforms) = postSolution
		{CAF7BF10-AAE9-4585-A705-9E7915203B9B}.Debug|Any CPU.ActiveCfg = Debug|Any CPU
		{CAF7BF10-AAE9-4585-A705-9E7915203B9B}.Debug|Any CPU.Build.0 = Debug|Any CPU
		{CAF7BF10-AAE9-4585-A705-9E7915203B9B}.Debug|ARM.ActiveCfg = Debug|Any CPU
		{CAF7BF10-AAE9-4585-A705-9E7915203B9B}.Debug|ARM.Build.0 = Debug|Any CPU
		{CAF7BF10-AAE9-4585-A705-9E7915203B9B}.Debug|ARM64.ActiveCfg = Debug|Any CPU
		{CAF7BF10-AAE9-4585-A705-9E7915203B9B}.Debug|ARM64.Build.0 = Debug|Any CPU
		{CAF7BF10-AAE9-4585-A705-9E7915203B9B}.Debug|x64.ActiveCfg = Debug|Any CPU
		{CAF7BF10-AAE9-4585-A705-9E7915203B9B}.Debug|x64.Build.0 = Debug|Any CPU
		{CAF7BF10-AAE9-4585-A705-9E7915203B9B}.Debug|x86.ActiveCfg = Debug|Any CPU
		{CAF7BF10-AAE9-4585-A705-9E7915203B9B}.Debug|x86.Build.0 = Debug|Any CPU
		{CAF7BF10-AAE9-4585-A705-9E7915203B9B}.Release|Any CPU.ActiveCfg = Release|Any CPU
		{CAF7BF10-AAE9-4585-A705-9E7915203B9B}.Release|Any CPU.Build.0 = Release|Any CPU
		{CAF7BF10-AAE9-4585-A705-9E7915203B9B}.Release|ARM.ActiveCfg = Release|Any CPU
		{CAF7BF10-AAE9-4585-A705-9E7915203B9B}.Release|ARM.Build.0 = Release|Any CPU
		{CAF7BF10-AAE9-4585-A705-9E7915203B9B}.Release|ARM64.ActiveCfg = Release|Any CPU
		{CAF7BF10-AAE9-4585-A705-9E7915203B9B}.Release|ARM64.Build.0 = Release|Any CPU
		{CAF7BF10-AAE9-4585-A705-9E7915203B9B}.Release|x64.ActiveCfg = Release|Any CPU
		{CAF7BF10-AAE9-4585-A705-9E7915203B9B}.Release|x64.Build.0 = Release|Any CPU
		{CAF7BF10-AAE9-4585-A705-9E7915203B9B}.Release|x86.ActiveCfg = Release|Any CPU
		{CAF7BF10-AAE9-4585-A705-9E7915203B9B}.Release|x86.Build.0 = Release|Any CPU
		{4490DDD7-546F-46E0-87BE-F199D3ED30BA}.Debug|Any CPU.ActiveCfg = Debug|Any CPU
		{4490DDD7-546F-46E0-87BE-F199D3ED30BA}.Debug|Any CPU.Build.0 = Debug|Any CPU
		{4490DDD7-546F-46E0-87BE-F199D3ED30BA}.Debug|ARM.ActiveCfg = Debug|Any CPU
		{4490DDD7-546F-46E0-87BE-F199D3ED30BA}.Debug|ARM.Build.0 = Debug|Any CPU
		{4490DDD7-546F-46E0-87BE-F199D3ED30BA}.Debug|ARM64.ActiveCfg = Debug|Any CPU
		{4490DDD7-546F-46E0-87BE-F199D3ED30BA}.Debug|ARM64.Build.0 = Debug|Any CPU
		{4490DDD7-546F-46E0-87BE-F199D3ED30BA}.Debug|x64.ActiveCfg = Debug|Any CPU
		{4490DDD7-546F-46E0-87BE-F199D3ED30BA}.Debug|x64.Build.0 = Debug|Any CPU
		{4490DDD7-546F-46E0-87BE-F199D3ED30BA}.Debug|x86.ActiveCfg = Debug|Any CPU
		{4490DDD7-546F-46E0-87BE-F199D3ED30BA}.Debug|x86.Build.0 = Debug|Any CPU
		{4490DDD7-546F-46E0-87BE-F199D3ED30BA}.Release|Any CPU.ActiveCfg = Release|Any CPU
		{4490DDD7-546F-46E0-87BE-F199D3ED30BA}.Release|Any CPU.Build.0 = Release|Any CPU
		{4490DDD7-546F-46E0-87BE-F199D3ED30BA}.Release|ARM.ActiveCfg = Release|Any CPU
		{4490DDD7-546F-46E0-87BE-F199D3ED30BA}.Release|ARM.Build.0 = Release|Any CPU
		{4490DDD7-546F-46E0-87BE-F199D3ED30BA}.Release|ARM64.ActiveCfg = Release|Any CPU
		{4490DDD7-546F-46E0-87BE-F199D3ED30BA}.Release|ARM64.Build.0 = Release|Any CPU
		{4490DDD7-546F-46E0-87BE-F199D3ED30BA}.Release|x64.ActiveCfg = Release|Any CPU
		{4490DDD7-546F-46E0-87BE-F199D3ED30BA}.Release|x64.Build.0 = Release|Any CPU
		{4490DDD7-546F-46E0-87BE-F199D3ED30BA}.Release|x86.ActiveCfg = Release|Any CPU
		{4490DDD7-546F-46E0-87BE-F199D3ED30BA}.Release|x86.Build.0 = Release|Any CPU
		{A189E043-896E-4C03-95C4-54A6EE139F38}.Debug|Any CPU.ActiveCfg = Debug|Any CPU
		{A189E043-896E-4C03-95C4-54A6EE139F38}.Debug|Any CPU.Build.0 = Debug|Any CPU
		{A189E043-896E-4C03-95C4-54A6EE139F38}.Debug|ARM.ActiveCfg = Debug|Any CPU
		{A189E043-896E-4C03-95C4-54A6EE139F38}.Debug|ARM.Build.0 = Debug|Any CPU
		{A189E043-896E-4C03-95C4-54A6EE139F38}.Debug|ARM64.ActiveCfg = Debug|Any CPU
		{A189E043-896E-4C03-95C4-54A6EE139F38}.Debug|ARM64.Build.0 = Debug|Any CPU
		{A189E043-896E-4C03-95C4-54A6EE139F38}.Debug|x64.ActiveCfg = Debug|Any CPU
		{A189E043-896E-4C03-95C4-54A6EE139F38}.Debug|x64.Build.0 = Debug|Any CPU
		{A189E043-896E-4C03-95C4-54A6EE139F38}.Debug|x86.ActiveCfg = Debug|Any CPU
		{A189E043-896E-4C03-95C4-54A6EE139F38}.Debug|x86.Build.0 = Debug|Any CPU
		{A189E043-896E-4C03-95C4-54A6EE139F38}.Release|Any CPU.ActiveCfg = Release|Any CPU
		{A189E043-896E-4C03-95C4-54A6EE139F38}.Release|Any CPU.Build.0 = Release|Any CPU
		{A189E043-896E-4C03-95C4-54A6EE139F38}.Release|ARM.ActiveCfg = Release|Any CPU
		{A189E043-896E-4C03-95C4-54A6EE139F38}.Release|ARM.Build.0 = Release|Any CPU
		{A189E043-896E-4C03-95C4-54A6EE139F38}.Release|ARM64.ActiveCfg = Release|Any CPU
		{A189E043-896E-4C03-95C4-54A6EE139F38}.Release|ARM64.Build.0 = Release|Any CPU
		{A189E043-896E-4C03-95C4-54A6EE139F38}.Release|x64.ActiveCfg = Release|Any CPU
		{A189E043-896E-4C03-95C4-54A6EE139F38}.Release|x64.Build.0 = Release|Any CPU
		{A189E043-896E-4C03-95C4-54A6EE139F38}.Release|x86.ActiveCfg = Release|Any CPU
		{A189E043-896E-4C03-95C4-54A6EE139F38}.Release|x86.Build.0 = Release|Any CPU
		{DCDBF3DB-C987-4EEB-8158-5CEB74E9398A}.Debug|Any CPU.ActiveCfg = Debug|x86
		{DCDBF3DB-C987-4EEB-8158-5CEB74E9398A}.Debug|ARM.ActiveCfg = Debug|ARM
		{DCDBF3DB-C987-4EEB-8158-5CEB74E9398A}.Debug|ARM.Build.0 = Debug|ARM
		{DCDBF3DB-C987-4EEB-8158-5CEB74E9398A}.Debug|ARM.Deploy.0 = Debug|ARM
		{DCDBF3DB-C987-4EEB-8158-5CEB74E9398A}.Debug|ARM64.ActiveCfg = Debug|ARM64
		{DCDBF3DB-C987-4EEB-8158-5CEB74E9398A}.Debug|ARM64.Build.0 = Debug|ARM64
		{DCDBF3DB-C987-4EEB-8158-5CEB74E9398A}.Debug|ARM64.Deploy.0 = Debug|ARM64
		{DCDBF3DB-C987-4EEB-8158-5CEB74E9398A}.Debug|x64.ActiveCfg = Debug|x64
		{DCDBF3DB-C987-4EEB-8158-5CEB74E9398A}.Debug|x64.Build.0 = Debug|x64
		{DCDBF3DB-C987-4EEB-8158-5CEB74E9398A}.Debug|x64.Deploy.0 = Debug|x64
		{DCDBF3DB-C987-4EEB-8158-5CEB74E9398A}.Debug|x86.ActiveCfg = Debug|x86
		{DCDBF3DB-C987-4EEB-8158-5CEB74E9398A}.Debug|x86.Build.0 = Debug|x86
		{DCDBF3DB-C987-4EEB-8158-5CEB74E9398A}.Debug|x86.Deploy.0 = Debug|x86
		{DCDBF3DB-C987-4EEB-8158-5CEB74E9398A}.Release|Any CPU.ActiveCfg = Release|x86
		{DCDBF3DB-C987-4EEB-8158-5CEB74E9398A}.Release|ARM.ActiveCfg = Release|ARM
		{DCDBF3DB-C987-4EEB-8158-5CEB74E9398A}.Release|ARM.Build.0 = Release|ARM
		{DCDBF3DB-C987-4EEB-8158-5CEB74E9398A}.Release|ARM.Deploy.0 = Release|ARM
		{DCDBF3DB-C987-4EEB-8158-5CEB74E9398A}.Release|ARM64.ActiveCfg = Release|ARM64
		{DCDBF3DB-C987-4EEB-8158-5CEB74E9398A}.Release|ARM64.Build.0 = Release|ARM64
		{DCDBF3DB-C987-4EEB-8158-5CEB74E9398A}.Release|ARM64.Deploy.0 = Release|ARM64
		{DCDBF3DB-C987-4EEB-8158-5CEB74E9398A}.Release|x64.ActiveCfg = Release|x64
		{DCDBF3DB-C987-4EEB-8158-5CEB74E9398A}.Release|x64.Build.0 = Release|x64
		{DCDBF3DB-C987-4EEB-8158-5CEB74E9398A}.Release|x64.Deploy.0 = Release|x64
		{DCDBF3DB-C987-4EEB-8158-5CEB74E9398A}.Release|x86.ActiveCfg = Release|x86
		{DCDBF3DB-C987-4EEB-8158-5CEB74E9398A}.Release|x86.Build.0 = Release|x86
		{DCDBF3DB-C987-4EEB-8158-5CEB74E9398A}.Release|x86.Deploy.0 = Release|x86
	EndGlobalSection
	GlobalSection(SolutionProperties) = preSolution
		HideSolutionNode = FALSE
	EndGlobalSection
	GlobalSection(ExtensibilityGlobals) = postSolution
		SolutionGuid = {59ACC64B-4CAE-46AF-9EF1-F2B07B1B0AEC}
	EndGlobalSection
EndGlobal
